// !$*UTF8*$!
{
	archiveVersion = 1;
	classes = {
	};
	objectVersion = 56;
	objects = {

/* Begin PBXBuildFile section */
		500A48902B48688E005A2357 /* TestView.swift in Sources */ = {isa = PBXBuildFile; fileRef = 500A488F2B48688E005A2357 /* TestView.swift */; };
		500A48922B488ED4005A2357 /* Piece.swift in Sources */ = {isa = PBXBuildFile; fileRef = 500A48912B488ED4005A2357 /* Piece.swift */; };
		50E63B722B44D885002EB04E /* sirtetApp.swift in Sources */ = {isa = PBXBuildFile; fileRef = 50E63B712B44D885002EB04E /* sirtetApp.swift */; };
		50E63B742B44D885002EB04E /* ContentView.swift in Sources */ = {isa = PBXBuildFile; fileRef = 50E63B732B44D885002EB04E /* ContentView.swift */; };
		50E63B762B44D886002EB04E /* Assets.xcassets in Resources */ = {isa = PBXBuildFile; fileRef = 50E63B752B44D886002EB04E /* Assets.xcassets */; };
		50E63B792B44D886002EB04E /* Preview Assets.xcassets in Resources */ = {isa = PBXBuildFile; fileRef = 50E63B782B44D886002EB04E /* Preview Assets.xcassets */; };
		50E63B832B44D886002EB04E /* sirtetTests.swift in Sources */ = {isa = PBXBuildFile; fileRef = 50E63B822B44D886002EB04E /* sirtetTests.swift */; };
		50E63B8D2B44D886002EB04E /* sirtetUITests.swift in Sources */ = {isa = PBXBuildFile; fileRef = 50E63B8C2B44D886002EB04E /* sirtetUITests.swift */; };
		50E63B8F2B44D886002EB04E /* sirtetUITestsLaunchTests.swift in Sources */ = {isa = PBXBuildFile; fileRef = 50E63B8E2B44D886002EB04E /* sirtetUITestsLaunchTests.swift */; };
		50E63C062B45F837002EB04E /* GameLogic.swift in Sources */ = {isa = PBXBuildFile; fileRef = 50E63C052B45F837002EB04E /* GameLogic.swift */; };
/* End PBXBuildFile section */

/* Begin PBXContainerItemProxy section */
		50E63B7F2B44D886002EB04E /* PBXContainerItemProxy */ = {
			isa = PBXContainerItemProxy;
			containerPortal = 50E63B662B44D885002EB04E /* Project object */;
			proxyType = 1;
			remoteGlobalIDString = 50E63B6D2B44D885002EB04E;
			remoteInfo = sirtet;
		};
		50E63B892B44D886002EB04E /* PBXContainerItemProxy */ = {
			isa = PBXContainerItemProxy;
			containerPortal = 50E63B662B44D885002EB04E /* Project object */;
			proxyType = 1;
			remoteGlobalIDString = 50E63B6D2B44D885002EB04E;
			remoteInfo = sirtet;
		};
/* End PBXContainerItemProxy section */

/* Begin PBXFileReference section */
		500A488F2B48688E005A2357 /* TestView.swift */ = {isa = PBXFileReference; lastKnownFileType = sourcecode.swift; path = TestView.swift; sourceTree = "<group>"; };
		500A48912B488ED4005A2357 /* Piece.swift */ = {isa = PBXFileReference; lastKnownFileType = sourcecode.swift; path = Piece.swift; sourceTree = "<group>"; };
		50E63B6E2B44D885002EB04E /* sirtet.app */ = {isa = PBXFileReference; explicitFileType = wrapper.application; includeInIndex = 0; path = sirtet.app; sourceTree = BUILT_PRODUCTS_DIR; };
		50E63B712B44D885002EB04E /* sirtetApp.swift */ = {isa = PBXFileReference; lastKnownFileType = sourcecode.swift; path = sirtetApp.swift; sourceTree = "<group>"; };
		50E63B732B44D885002EB04E /* ContentView.swift */ = {isa = PBXFileReference; lastKnownFileType = sourcecode.swift; path = ContentView.swift; sourceTree = "<group>"; };
		50E63B752B44D886002EB04E /* Assets.xcassets */ = {isa = PBXFileReference; lastKnownFileType = folder.assetcatalog; path = Assets.xcassets; sourceTree = "<group>"; };
		50E63B782B44D886002EB04E /* Preview Assets.xcassets */ = {isa = PBXFileReference; lastKnownFileType = folder.assetcatalog; path = "Preview Assets.xcassets"; sourceTree = "<group>"; };
		50E63B7E2B44D886002EB04E /* sirtetTests.xctest */ = {isa = PBXFileReference; explicitFileType = wrapper.cfbundle; includeInIndex = 0; path = sirtetTests.xctest; sourceTree = BUILT_PRODUCTS_DIR; };
		50E63B822B44D886002EB04E /* sirtetTests.swift */ = {isa = PBXFileReference; lastKnownFileType = sourcecode.swift; path = sirtetTests.swift; sourceTree = "<group>"; };
		50E63B882B44D886002EB04E /* sirtetUITests.xctest */ = {isa = PBXFileReference; explicitFileType = wrapper.cfbundle; includeInIndex = 0; path = sirtetUITests.xctest; sourceTree = BUILT_PRODUCTS_DIR; };
		50E63B8C2B44D886002EB04E /* sirtetUITests.swift */ = {isa = PBXFileReference; lastKnownFileType = sourcecode.swift; path = sirtetUITests.swift; sourceTree = "<group>"; };
		50E63B8E2B44D886002EB04E /* sirtetUITestsLaunchTests.swift */ = {isa = PBXFileReference; lastKnownFileType = sourcecode.swift; path = sirtetUITestsLaunchTests.swift; sourceTree = "<group>"; };
		50E63C052B45F837002EB04E /* GameLogic.swift */ = {isa = PBXFileReference; lastKnownFileType = sourcecode.swift; path = GameLogic.swift; sourceTree = "<group>"; };
/* End PBXFileReference section */

/* Begin PBXFrameworksBuildPhase section */
		50E63B6B2B44D885002EB04E /* Frameworks */ = {
			isa = PBXFrameworksBuildPhase;
			buildActionMask = 2147483647;
			files = (
			);
			runOnlyForDeploymentPostprocessing = 0;
		};
		50E63B7B2B44D886002EB04E /* Frameworks */ = {
			isa = PBXFrameworksBuildPhase;
			buildActionMask = 2147483647;
			files = (
			);
			runOnlyForDeploymentPostprocessing = 0;
		};
		50E63B852B44D886002EB04E /* Frameworks */ = {
			isa = PBXFrameworksBuildPhase;
			buildActionMask = 2147483647;
			files = (
			);
			runOnlyForDeploymentPostprocessing = 0;
		};
/* End PBXFrameworksBuildPhase section */

/* Begin PBXGroup section */
		50E63B652B44D885002EB04E = {
			isa = PBXGroup;
			children = (
				50E63B702B44D885002EB04E /* sirtet */,
				50E63B812B44D886002EB04E /* sirtetTests */,
				50E63B8B2B44D886002EB04E /* sirtetUITests */,
				50E63B6F2B44D885002EB04E /* Products */,
			);
			sourceTree = "<group>";
		};
		50E63B6F2B44D885002EB04E /* Products */ = {
			isa = PBXGroup;
			children = (
				50E63B6E2B44D885002EB04E /* sirtet.app */,
				50E63B7E2B44D886002EB04E /* sirtetTests.xctest */,
				50E63B882B44D886002EB04E /* sirtetUITests.xctest */,
			);
			name = Products;
			sourceTree = "<group>";
		};
		50E63B702B44D885002EB04E /* sirtet */ = {
			isa = PBXGroup;
			children = (
				50E63B712B44D885002EB04E /* sirtetApp.swift */,
				50E63B732B44D885002EB04E /* ContentView.swift */,
				50E63B752B44D886002EB04E /* Assets.xcassets */,
				50E63B772B44D886002EB04E /* Preview Content */,
				50E63C052B45F837002EB04E /* GameLogic.swift */,
				500A488F2B48688E005A2357 /* TestView.swift */,
				500A48912B488ED4005A2357 /* Piece.swift */,
			);
			path = sirtet;
			sourceTree = "<group>";
		};
		50E63B772B44D886002EB04E /* Preview Content */ = {
			isa = PBXGroup;
			children = (
				50E63B782B44D886002EB04E /* Preview Assets.xcassets */,
			);
			path = "Preview Content";
			sourceTree = "<group>";
		};
		50E63B812B44D886002EB04E /* sirtetTests */ = {
			isa = PBXGroup;
			children = (
				50E63B822B44D886002EB04E /* sirtetTests.swift */,
			);
			path = sirtetTests;
			sourceTree = "<group>";
		};
		50E63B8B2B44D886002EB04E /* sirtetUITests */ = {
			isa = PBXGroup;
			children = (
				50E63B8C2B44D886002EB04E /* sirtetUITests.swift */,
				50E63B8E2B44D886002EB04E /* sirtetUITestsLaunchTests.swift */,
			);
			path = sirtetUITests;
			sourceTree = "<group>";
		};
/* End PBXGroup section */

/* Begin PBXNativeTarget section */
		50E63B6D2B44D885002EB04E /* sirtet */ = {
			isa = PBXNativeTarget;
			buildConfigurationList = 50E63B922B44D886002EB04E /* Build configuration list for PBXNativeTarget "sirtet" */;
			buildPhases = (
				50E63B6A2B44D885002EB04E /* Sources */,
				50E63B6B2B44D885002EB04E /* Frameworks */,
				50E63B6C2B44D885002EB04E /* Resources */,
			);
			buildRules = (
			);
			dependencies = (
			);
			name = sirtet;
			productName = sirtet;
			productReference = 50E63B6E2B44D885002EB04E /* sirtet.app */;
			productType = "com.apple.product-type.application";
		};
		50E63B7D2B44D886002EB04E /* sirtetTests */ = {
			isa = PBXNativeTarget;
			buildConfigurationList = 50E63B952B44D886002EB04E /* Build configuration list for PBXNativeTarget "sirtetTests" */;
			buildPhases = (
				50E63B7A2B44D886002EB04E /* Sources */,
				50E63B7B2B44D886002EB04E /* Frameworks */,
				50E63B7C2B44D886002EB04E /* Resources */,
			);
			buildRules = (
			);
			dependencies = (
				50E63B802B44D886002EB04E /* PBXTargetDependency */,
			);
			name = sirtetTests;
			productName = sirtetTests;
			productReference = 50E63B7E2B44D886002EB04E /* sirtetTests.xctest */;
			productType = "com.apple.product-type.bundle.unit-test";
		};
		50E63B872B44D886002EB04E /* sirtetUITests */ = {
			isa = PBXNativeTarget;
			buildConfigurationList = 50E63B982B44D886002EB04E /* Build configuration list for PBXNativeTarget "sirtetUITests" */;
			buildPhases = (
				50E63B842B44D886002EB04E /* Sources */,
				50E63B852B44D886002EB04E /* Frameworks */,
				50E63B862B44D886002EB04E /* Resources */,
			);
			buildRules = (
			);
			dependencies = (
				50E63B8A2B44D886002EB04E /* PBXTargetDependency */,
			);
			name = sirtetUITests;
			productName = sirtetUITests;
			productReference = 50E63B882B44D886002EB04E /* sirtetUITests.xctest */;
			productType = "com.apple.product-type.bundle.ui-testing";
		};
/* End PBXNativeTarget section */

/* Begin PBXProject section */
		50E63B662B44D885002EB04E /* Project object */ = {
			isa = PBXProject;
			attributes = {
				BuildIndependentTargetsInParallel = 1;
				LastSwiftUpdateCheck = 1510;
				LastUpgradeCheck = 1510;
				TargetAttributes = {
					50E63B6D2B44D885002EB04E = {
						CreatedOnToolsVersion = 15.1;
					};
					50E63B7D2B44D886002EB04E = {
						CreatedOnToolsVersion = 15.1;
						TestTargetID = 50E63B6D2B44D885002EB04E;
					};
					50E63B872B44D886002EB04E = {
						CreatedOnToolsVersion = 15.1;
						TestTargetID = 50E63B6D2B44D885002EB04E;
					};
				};
			};
			buildConfigurationList = 50E63B692B44D885002EB04E /* Build configuration list for PBXProject "sirtet" */;
			compatibilityVersion = "Xcode 14.0";
			developmentRegion = en;
			hasScannedForEncodings = 0;
			knownRegions = (
				en,
				Base,
			);
			mainGroup = 50E63B652B44D885002EB04E;
			productRefGroup = 50E63B6F2B44D885002EB04E /* Products */;
			projectDirPath = "";
			projectRoot = "";
			targets = (
				50E63B6D2B44D885002EB04E /* sirtet */,
				50E63B7D2B44D886002EB04E /* sirtetTests */,
				50E63B872B44D886002EB04E /* sirtetUITests */,
			);
		};
/* End PBXProject section */

/* Begin PBXResourcesBuildPhase section */
		50E63B6C2B44D885002EB04E /* Resources */ = {
			isa = PBXResourcesBuildPhase;
			buildActionMask = 2147483647;
			files = (
				50E63B792B44D886002EB04E /* Preview Assets.xcassets in Resources */,
				50E63B762B44D886002EB04E /* Assets.xcassets in Resources */,
			);
			runOnlyForDeploymentPostprocessing = 0;
		};
		50E63B7C2B44D886002EB04E /* Resources */ = {
			isa = PBXResourcesBuildPhase;
			buildActionMask = 2147483647;
			files = (
			);
			runOnlyForDeploymentPostprocessing = 0;
		};
		50E63B862B44D886002EB04E /* Resources */ = {
			isa = PBXResourcesBuildPhase;
			buildActionMask = 2147483647;
			files = (
			);
			runOnlyForDeploymentPostprocessing = 0;
		};
/* End PBXResourcesBuildPhase section */

/* Begin PBXSourcesBuildPhase section */
		50E63B6A2B44D885002EB04E /* Sources */ = {
			isa = PBXSourcesBuildPhase;
			buildActionMask = 2147483647;
			files = (
				500A48902B48688E005A2357 /* TestView.swift in Sources */,
				50E63B742B44D885002EB04E /* ContentView.swift in Sources */,
				500A48922B488ED4005A2357 /* Piece.swift in Sources */,
				50E63C062B45F837002EB04E /* GameLogic.swift in Sources */,
				50E63B722B44D885002EB04E /* sirtetApp.swift in Sources */,
			);
			runOnlyForDeploymentPostprocessing = 0;
		};
		50E63B7A2B44D886002EB04E /* Sources */ = {
			isa = PBXSourcesBuildPhase;
			buildActionMask = 2147483647;
			files = (
				50E63B832B44D886002EB04E /* sirtetTests.swift in Sources */,
			);
			runOnlyForDeploymentPostprocessing = 0;
		};
		50E63B842B44D886002EB04E /* Sources */ = {
			isa = PBXSourcesBuildPhase;
			buildActionMask = 2147483647;
			files = (
				50E63B8D2B44D886002EB04E /* sirtetUITests.swift in Sources */,
				50E63B8F2B44D886002EB04E /* sirtetUITestsLaunchTests.swift in Sources */,
			);
			runOnlyForDeploymentPostprocessing = 0;
		};
/* End PBXSourcesBuildPhase section */

/* Begin PBXTargetDependency section */
		50E63B802B44D886002EB04E /* PBXTargetDependency */ = {
			isa = PBXTargetDependency;
			target = 50E63B6D2B44D885002EB04E /* sirtet */;
			targetProxy = 50E63B7F2B44D886002EB04E /* PBXContainerItemProxy */;
		};
		50E63B8A2B44D886002EB04E /* PBXTargetDependency */ = {
			isa = PBXTargetDependency;
			target = 50E63B6D2B44D885002EB04E /* sirtet */;
			targetProxy = 50E63B892B44D886002EB04E /* PBXContainerItemProxy */;
		};
/* End PBXTargetDependency section */

/* Begin XCBuildConfiguration section */
		50E63B902B44D886002EB04E /* Debug */ = {
			isa = XCBuildConfiguration;
			buildSettings = {
				ALWAYS_SEARCH_USER_PATHS = NO;
				ASSETCATALOG_COMPILER_GENERATE_SWIFT_ASSET_SYMBOL_EXTENSIONS = YES;
				CLANG_ANALYZER_NONNULL = YES;
				CLANG_ANALYZER_NUMBER_OBJECT_CONVERSION = YES_AGGRESSIVE;
				CLANG_CXX_LANGUAGE_STANDARD = "gnu++20";
				CLANG_ENABLE_MODULES = YES;
				CLANG_ENABLE_OBJC_ARC = YES;
				CLANG_ENABLE_OBJC_WEAK = YES;
				CLANG_WARN_BLOCK_CAPTURE_AUTORELEASING = YES;
				CLANG_WARN_BOOL_CONVERSION = YES;
				CLANG_WARN_COMMA = YES;
				CLANG_WARN_CONSTANT_CONVERSION = YES;
				CLANG_WARN_DEPRECATED_OBJC_IMPLEMENTATIONS = YES;
				CLANG_WARN_DIRECT_OBJC_ISA_USAGE = YES_ERROR;
				CLANG_WARN_DOCUMENTATION_COMMENTS = YES;
				CLANG_WARN_EMPTY_BODY = YES;
				CLANG_WARN_ENUM_CONVERSION = YES;
				CLANG_WARN_INFINITE_RECURSION = YES;
				CLANG_WARN_INT_CONVERSION = YES;
				CLANG_WARN_NON_LITERAL_NULL_CONVERSION = YES;
				CLANG_WARN_OBJC_IMPLICIT_RETAIN_SELF = YES;
				CLANG_WARN_OBJC_LITERAL_CONVERSION = YES;
				CLANG_WARN_OBJC_ROOT_CLASS = YES_ERROR;
				CLANG_WARN_QUOTED_INCLUDE_IN_FRAMEWORK_HEADER = YES;
				CLANG_WARN_RANGE_LOOP_ANALYSIS = YES;
				CLANG_WARN_STRICT_PROTOTYPES = YES;
				CLANG_WARN_SUSPICIOUS_MOVE = YES;
				CLANG_WARN_UNGUARDED_AVAILABILITY = YES_AGGRESSIVE;
				CLANG_WARN_UNREACHABLE_CODE = YES;
				CLANG_WARN__DUPLICATE_METHOD_MATCH = YES;
				COPY_PHASE_STRIP = NO;
				DEBUG_INFORMATION_FORMAT = dwarf;
				ENABLE_STRICT_OBJC_MSGSEND = YES;
				ENABLE_TESTABILITY = YES;
				ENABLE_USER_SCRIPT_SANDBOXING = YES;
				GCC_C_LANGUAGE_STANDARD = gnu17;
				GCC_DYNAMIC_NO_PIC = NO;
				GCC_NO_COMMON_BLOCKS = YES;
				GCC_OPTIMIZATION_LEVEL = 0;
				GCC_PREPROCESSOR_DEFINITIONS = (
					"DEBUG=1",
					"$(inherited)",
				);
				GCC_WARN_64_TO_32_BIT_CONVERSION = YES;
				GCC_WARN_ABOUT_RETURN_TYPE = YES_ERROR;
				GCC_WARN_UNDECLARED_SELECTOR = YES;
				GCC_WARN_UNINITIALIZED_AUTOS = YES_AGGRESSIVE;
				GCC_WARN_UNUSED_FUNCTION = YES;
				GCC_WARN_UNUSED_VARIABLE = YES;
				IPHONEOS_DEPLOYMENT_TARGET = 17.0;
				LOCALIZATION_PREFERS_STRING_CATALOGS = YES;
				MTL_ENABLE_DEBUG_INFO = INCLUDE_SOURCE;
				MTL_FAST_MATH = YES;
				ONLY_ACTIVE_ARCH = YES;
				SDKROOT = iphoneos;
				SWIFT_ACTIVE_COMPILATION_CONDITIONS = "DEBUG $(inherited)";
				SWIFT_OPTIMIZATION_LEVEL = "-Onone";
			};
			name = Debug;
		};
		50E63B912B44D886002EB04E /* Release */ = {
			isa = XCBuildConfiguration;
			buildSettings = {
				ALWAYS_SEARCH_USER_PATHS = NO;
				ASSETCATALOG_COMPILER_GENERATE_SWIFT_ASSET_SYMBOL_EXTENSIONS = YES;
				CLANG_ANALYZER_NONNULL = YES;
				CLANG_ANALYZER_NUMBER_OBJECT_CONVERSION = YES_AGGRESSIVE;
				CLANG_CXX_LANGUAGE_STANDARD = "gnu++20";
				CLANG_ENABLE_MODULES = YES;
				CLANG_ENABLE_OBJC_ARC = YES;
				CLANG_ENABLE_OBJC_WEAK = YES;
				CLANG_WARN_BLOCK_CAPTURE_AUTORELEASING = YES;
				CLANG_WARN_BOOL_CONVERSION = YES;
				CLANG_WARN_COMMA = YES;
				CLANG_WARN_CONSTANT_CONVERSION = YES;
				CLANG_WARN_DEPRECATED_OBJC_IMPLEMENTATIONS = YES;
				CLANG_WARN_DIRECT_OBJC_ISA_USAGE = YES_ERROR;
				CLANG_WARN_DOCUMENTATION_COMMENTS = YES;
				CLANG_WARN_EMPTY_BODY = YES;
				CLANG_WARN_ENUM_CONVERSION = YES;
				CLANG_WARN_INFINITE_RECURSION = YES;
				CLANG_WARN_INT_CONVERSION = YES;
				CLANG_WARN_NON_LITERAL_NULL_CONVERSION = YES;
				CLANG_WARN_OBJC_IMPLICIT_RETAIN_SELF = YES;
				CLANG_WARN_OBJC_LITERAL_CONVERSION = YES;
				CLANG_WARN_OBJC_ROOT_CLASS = YES_ERROR;
				CLANG_WARN_QUOTED_INCLUDE_IN_FRAMEWORK_HEADER = YES;
				CLANG_WARN_RANGE_LOOP_ANALYSIS = YES;
				CLANG_WARN_STRICT_PROTOTYPES = YES;
				CLANG_WARN_SUSPICIOUS_MOVE = YES;
				CLANG_WARN_UNGUARDED_AVAILABILITY = YES_AGGRESSIVE;
				CLANG_WARN_UNREACHABLE_CODE = YES;
				CLANG_WARN__DUPLICATE_METHOD_MATCH = YES;
				COPY_PHASE_STRIP = NO;
				DEBUG_INFORMATION_FORMAT = "dwarf-with-dsym";
				ENABLE_NS_ASSERTIONS = NO;
				ENABLE_STRICT_OBJC_MSGSEND = YES;
				ENABLE_USER_SCRIPT_SANDBOXING = YES;
				GCC_C_LANGUAGE_STANDARD = gnu17;
				GCC_NO_COMMON_BLOCKS = YES;
				GCC_WARN_64_TO_32_BIT_CONVERSION = YES;
				GCC_WARN_ABOUT_RETURN_TYPE = YES_ERROR;
				GCC_WARN_UNDECLARED_SELECTOR = YES;
				GCC_WARN_UNINITIALIZED_AUTOS = YES_AGGRESSIVE;
				GCC_WARN_UNUSED_FUNCTION = YES;
				GCC_WARN_UNUSED_VARIABLE = YES;
				IPHONEOS_DEPLOYMENT_TARGET = 17.0;
				LOCALIZATION_PREFERS_STRING_CATALOGS = YES;
				MTL_ENABLE_DEBUG_INFO = NO;
				MTL_FAST_MATH = YES;
				SDKROOT = iphoneos;
				SWIFT_COMPILATION_MODE = wholemodule;
				VALIDATE_PRODUCT = YES;
			};
			name = Release;
		};
		50E63B932B44D886002EB04E /* Debug */ = {
			isa = XCBuildConfiguration;
			buildSettings = {
				ASSETCATALOG_COMPILER_APPICON_NAME = AppIcon;
				ASSETCATALOG_COMPILER_GLOBAL_ACCENT_COLOR_NAME = AccentColor;
				CODE_SIGN_STYLE = Automatic;
				CURRENT_PROJECT_VERSION = 1;
				DEVELOPMENT_ASSET_PATHS = "\"sirtet/Preview Content\"";
				DEVELOPMENT_TEAM = JR4WV8H8FS;
				ENABLE_PREVIEWS = YES;
				GENERATE_INFOPLIST_FILE = YES;
				INFOPLIST_KEY_UIApplicationSceneManifest_Generation = YES;
				INFOPLIST_KEY_UIApplicationSupportsIndirectInputEvents = YES;
				INFOPLIST_KEY_UILaunchScreen_Generation = YES;
				INFOPLIST_KEY_UISupportedInterfaceOrientations_iPad = "UIInterfaceOrientationPortrait UIInterfaceOrientationPortraitUpsideDown UIInterfaceOrientationLandscapeLeft UIInterfaceOrientationLandscapeRight";
				INFOPLIST_KEY_UISupportedInterfaceOrientations_iPhone = "UIInterfaceOrientationPortrait UIInterfaceOrientationLandscapeLeft UIInterfaceOrientationLandscapeRight";
				IPHONEOS_DEPLOYMENT_TARGET = 17.0;
				LD_RUNPATH_SEARCH_PATHS = (
					"$(inherited)",
					"@executable_path/Frameworks",
				);
				MARKETING_VERSION = 1.0;
				PRODUCT_BUNDLE_IDENTIFIER = com.grahamlouis.sirtet;
				PRODUCT_NAME = "$(TARGET_NAME)";
				SWIFT_EMIT_LOC_STRINGS = YES;
				SWIFT_VERSION = 5.0;
				TARGETED_DEVICE_FAMILY = "1,2";
			};
			name = Debug;
		};
		50E63B942B44D886002EB04E /* Release */ = {
			isa = XCBuildConfiguration;
			buildSettings = {
				ASSETCATALOG_COMPILER_APPICON_NAME = AppIcon;
				ASSETCATALOG_COMPILER_GLOBAL_ACCENT_COLOR_NAME = AccentColor;
				CODE_SIGN_STYLE = Automatic;
				CURRENT_PROJECT_VERSION = 1;
				DEVELOPMENT_ASSET_PATHS = "\"sirtet/Preview Content\"";
				DEVELOPMENT_TEAM = JR4WV8H8FS;
				ENABLE_PREVIEWS = YES;
				GENERATE_INFOPLIST_FILE = YES;
				INFOPLIST_KEY_UIApplicationSceneManifest_Generation = YES;
				INFOPLIST_KEY_UIApplicationSupportsIndirectInputEvents = YES;
				INFOPLIST_KEY_UILaunchScreen_Generation = YES;
				INFOPLIST_KEY_UISupportedInterfaceOrientations_iPad = "UIInterfaceOrientationPortrait UIInterfaceOrientationPortraitUpsideDown UIInterfaceOrientationLandscapeLeft UIInterfaceOrientationLandscapeRight";
				INFOPLIST_KEY_UISupportedInterfaceOrientations_iPhone = "UIInterfaceOrientationPortrait UIInterfaceOrientationLandscapeLeft UIInterfaceOrientationLandscapeRight";
				IPHONEOS_DEPLOYMENT_TARGET = 17.0;
				LD_RUNPATH_SEARCH_PATHS = (
					"$(inherited)",
					"@executable_path/Frameworks",
				);
				MARKETING_VERSION = 1.0;
				PRODUCT_BUNDLE_IDENTIFIER = com.grahamlouis.sirtet;
				PRODUCT_NAME = "$(TARGET_NAME)";
				SWIFT_EMIT_LOC_STRINGS = YES;
				SWIFT_VERSION = 5.0;
				TARGETED_DEVICE_FAMILY = "1,2";
			};
			name = Release;
		};
		50E63B962B44D886002EB04E /* Debug */ = {
			isa = XCBuildConfiguration;
			buildSettings = {
				ALWAYS_EMBED_SWIFT_STANDARD_LIBRARIES = YES;
				BUNDLE_LOADER = "$(TEST_HOST)";
				CODE_SIGN_STYLE = Automatic;
				CURRENT_PROJECT_VERSION = 1;
				DEVELOPMENT_TEAM = JR4WV8H8FS;
				GENERATE_INFOPLIST_FILE = YES;
				IPHONEOS_DEPLOYMENT_TARGET = 17.2;
				MARKETING_VERSION = 1.0;
				PRODUCT_BUNDLE_IDENTIFIER = com.grahamlouis.sirtetTests;
				PRODUCT_NAME = "$(TARGET_NAME)";
				SWIFT_EMIT_LOC_STRINGS = NO;
				SWIFT_VERSION = 5.0;
				TARGETED_DEVICE_FAMILY = "1,2";
				TEST_HOST = "$(BUILT_PRODUCTS_DIR)/sirtet.app/$(BUNDLE_EXECUTABLE_FOLDER_PATH)/sirtet";
			};
			name = Debug;
		};
		50E63B972B44D886002EB04E /* Release */ = {
			isa = XCBuildConfiguration;
			buildSettings = {
				ALWAYS_EMBED_SWIFT_STANDARD_LIBRARIES = YES;
				BUNDLE_LOADER = "$(TEST_HOST)";
				CODE_SIGN_STYLE = Automatic;
				CURRENT_PROJECT_VERSION = 1;
				DEVELOPMENT_TEAM = JR4WV8H8FS;
				GENERATE_INFOPLIST_FILE = YES;
				IPHONEOS_DEPLOYMENT_TARGET = 17.2;
				MARKETING_VERSION = 1.0;
				PRODUCT_BUNDLE_IDENTIFIER = com.grahamlouis.sirtetTests;
				PRODUCT_NAME = "$(TARGET_NAME)";
				SWIFT_EMIT_LOC_STRINGS = NO;
				SWIFT_VERSION = 5.0;
				TARGETED_DEVICE_FAMILY = "1,2";
				TEST_HOST = "$(BUILT_PRODUCTS_DIR)/sirtet.app/$(BUNDLE_EXECUTABLE_FOLDER_PATH)/sirtet";
			};
			name = Release;
		};
		50E63B992B44D886002EB04E /* Debug */ = {
			isa = XCBuildConfiguration;
			buildSettings = {
				ALWAYS_EMBED_SWIFT_STANDARD_LIBRARIES = YES;
				CODE_SIGN_STYLE = Automatic;
				CURRENT_PROJECT_VERSION = 1;
				DEVELOPMENT_TEAM = JR4WV8H8FS;
				GENERATE_INFOPLIST_FILE = YES;
				MARKETING_VERSION = 1.0;
				PRODUCT_BUNDLE_IDENTIFIER = com.grahamlouis.sirtetUITests;
				PRODUCT_NAME = "$(TARGET_NAME)";
				SWIFT_EMIT_LOC_STRINGS = NO;
				SWIFT_VERSION = 5.0;
				TARGETED_DEVICE_FAMILY = "1,2";
				TEST_TARGET_NAME = sirtet;
			};
			name = Debug;
		};
		50E63B9A2B44D886002EB04E /* Release */ = {
			isa = XCBuildConfiguration;
			buildSettings = {
				ALWAYS_EMBED_SWIFT_STANDARD_LIBRARIES = YES;
				CODE_SIGN_STYLE = Automatic;
				CURRENT_PROJECT_VERSION = 1;
				DEVELOPMENT_TEAM = JR4WV8H8FS;
				GENERATE_INFOPLIST_FILE = YES;
				MARKETING_VERSION = 1.0;
				PRODUCT_BUNDLE_IDENTIFIER = com.grahamlouis.sirtetUITests;
				PRODUCT_NAME = "$(TARGET_NAME)";
				SWIFT_EMIT_LOC_STRINGS = NO;
				SWIFT_VERSION = 5.0;
				TARGETED_DEVICE_FAMILY = "1,2";
				TEST_TARGET_NAME = sirtet;
			};
			name = Release;
		};
/* End XCBuildConfiguration section */

/* Begin XCConfigurationList section */
		50E63B692B44D885002EB04E /* Build configuration list for PBXProject "sirtet" */ = {
			isa = XCConfigurationList;
			buildConfigurations = (
				50E63B902B44D886002EB04E /* Debug */,
				50E63B912B44D886002EB04E /* Release */,
			);
			defaultConfigurationIsVisible = 0;
			defaultConfigurationName = Release;
		};
		50E63B922B44D886002EB04E /* Build configuration list for PBXNativeTarget "sirtet" */ = {
			isa = XCConfigurationList;
			buildConfigurations = (
				50E63B932B44D886002EB04E /* Debug */,
				50E63B942B44D886002EB04E /* Release */,
			);
			defaultConfigurationIsVisible = 0;
			defaultConfigurationName = Release;
		};
		50E63B952B44D886002EB04E /* Build configuration list for PBXNativeTarget "sirtetTests" */ = {
			isa = XCConfigurationList;
			buildConfigurations = (
				50E63B962B44D886002EB04E /* Debug */,
				50E63B972B44D886002EB04E /* Release */,
			);
			defaultConfigurationIsVisible = 0;
			defaultConfigurationName = Release;
		};
		50E63B982B44D886002EB04E /* Build configuration list for PBXNativeTarget "sirtetUITests" */ = {
			isa = XCConfigurationList;
			buildConfigurations = (
				50E63B992B44D886002EB04E /* Debug */,
				50E63B9A2B44D886002EB04E /* Release */,
			);
			defaultConfigurationIsVisible = 0;
			defaultConfigurationName = Release;
		};
/* End XCConfigurationList section */
	};
	rootObject = 50E63B662B44D885002EB04E /* Project object */;
}
